
Microsoft Visual Studio Solution File, Format Version 12.00
# Visual Studio Version 16
VisualStudioVersion = 16.0.30907.101
MinimumVisualStudioVersion = 10.0.40219.1
Project("{FAE04EC0-301F-11D3-BF4B-00C04F79EFBC}") = "MicroCHAP", "src\MicroCHAP\MicroCHAP.csproj", "{1C702C4B-F5AE-4E32-A6C6-1EF965168229}"
EndProject
Project("{FAE04EC0-301F-11D3-BF4B-00C04F79EFBC}") = "MicroCHAP.Tests", "src\MicroCHAP.Tests\MicroCHAP.Tests.csproj", "{8EA458C0-436E-4455-9827-A262F51F5AE9}"
EndProject
Project("{FAE04EC0-301F-11D3-BF4B-00C04F79EFBC}") = "MicroCHAP.Core", "src\MicroCHAP.Core\MicroCHAP.Core.csproj", "{4B067E2F-3CE1-45E3-8A63-55CA57721348}"
EndProject
Project("{FAE04EC0-301F-11D3-BF4B-00C04F79EFBC}") = "MicroCHAP.Core.Tests", "src\MicroCHAP.Core.Tests\MicroCHAP.Core.Tests.csproj", "{AABF5F40-75CF-4F4B-B9A0-F3F09E9E2DDA}"
EndProject
Global
	GlobalSection(SolutionConfigurationPlatforms) = preSolution
		Debug|Any CPU = Debug|Any CPU
		Release|Any CPU = Release|Any CPU
	EndGlobalSection
	GlobalSection(ProjectConfigurationPlatforms) = postSolution
		{1C702C4B-F5AE-4E32-A6C6-1EF965168229}.Debug|Any CPU.ActiveCfg = Debug|Any CPU
		{1C702C4B-F5AE-4E32-A6C6-1EF965168229}.Debug|Any CPU.Build.0 = Debug|Any CPU
		{1C702C4B-F5AE-4E32-A6C6-1EF965168229}.Release|Any CPU.ActiveCfg = Release|Any CPU
		{1C702C4B-F5AE-4E32-A6C6-1EF965168229}.Release|Any CPU.Build.0 = Release|Any CPU
		{8EA458C0-436E-4455-9827-A262F51F5AE9}.Debug|Any CPU.ActiveCfg = Debug|Any CPU
		{8EA458C0-436E-4455-9827-A262F51F5AE9}.Debug|Any CPU.Build.0 = Debug|Any CPU
		{8EA458C0-436E-4455-9827-A262F51F5AE9}.Release|Any CPU.ActiveCfg = Release|Any CPU
		{8EA458C0-436E-4455-9827-A262F51F5AE9}.Release|Any CPU.Build.0 = Release|Any CPU
		{4B067E2F-3CE1-45E3-8A63-55CA57721348}.Debug|Any CPU.ActiveCfg = Debug|Any CPU
		{4B067E2F-3CE1-45E3-8A63-55CA57721348}.Debug|Any CPU.Build.0 = Debug|Any CPU
		{4B067E2F-3CE1-45E3-8A63-55CA57721348}.Release|Any CPU.ActiveCfg = Release|Any CPU
		{4B067E2F-3CE1-45E3-8A63-55CA57721348}.Release|Any CPU.Build.0 = Release|Any CPU
		{AABF5F40-75CF-4F4B-B9A0-F3F09E9E2DDA}.Debug|Any CPU.ActiveCfg = Debug|Any CPU
		{AABF5F40-75CF-4F4B-B9A0-F3F09E9E2DDA}.Debug|Any CPU.Build.0 = Debug|Any CPU
		{AABF5F40-75CF-4F4B-B9A0-F3F09E9E2DDA}.Release|Any CPU.ActiveCfg = Release|Any CPU
		{AABF5F40-75CF-4F4B-B9A0-F3F09E9E2DDA}.Release|Any CPU.Build.0 = Release|Any CPU
	EndGlobalSection
	GlobalSection(SolutionProperties) = preSolution
		HideSolutionNode = FALSE
	EndGlobalSection
	GlobalSection(ExtensibilityGlobals) = postSolution
		SolutionGuid = {561DD2E9-F8B4-4D27-A20E-3FD3A41C8F64}
	EndGlobalSection
EndGlobal
